
Microsoft Visual Studio Solution File, Format Version 12.00
# Visual Studio Version 17
VisualStudioVersion = 17.0.31903.59
MinimumVisualStudioVersion = 10.0.40219.1
Project("{2150E333-8FDC-42A3-9474-1A3956D46DE8}") = "services", "services", "{1A616E9A-08EA-4619-A49C-219974712124}"
EndProject
Project("{2150E333-8FDC-42A3-9474-1A3956D46DE8}") = "catalog", "catalog", "{612FA74C-FA53-49D8-9D90-4C7B7CADEDE1}"
EndProject
Project("{2150E333-8FDC-42A3-9474-1A3956D46DE8}") = "src", "src", "{DA3B75EE-B516-4704-9C36-B9B952F55632}"
EndProject
Project("{FAE04EC0-301F-11D3-BF4B-00C04F79EFBC}") = "Catalog.Domain", "services\catalog\src\Catalog.Domain\Catalog.Domain.csproj", "{93E4BE02-127D-4EE8-AEBE-1427E3A6BFF7}"
EndProject
Project("{FAE04EC0-301F-11D3-BF4B-00C04F79EFBC}") = "Catalog.Application", "services\catalog\src\Catalog.Application\Catalog.Application.csproj", "{F553DCDA-0BCF-4EAF-91E6-4372445F1113}"
EndProject
Project("{FAE04EC0-301F-11D3-BF4B-00C04F79EFBC}") = "Catalog.Infrastructure", "services\catalog\src\Catalog.Infrastructure\Catalog.Infrastructure.csproj", "{F228734B-AB10-4393-9BEC-113B9966608C}"
EndProject
Project("{FAE04EC0-301F-11D3-BF4B-00C04F79EFBC}") = "Catalog.Api", "services\catalog\src\Catalog.Api\Catalog.Api.csproj", "{22C6B149-353D-44A7-B539-BC73F2438F7D}"
EndProject
Project("{2150E333-8FDC-42A3-9474-1A3956D46DE8}") = "planning", "planning", "{CA8E76BB-3133-4D65-8F64-A82A563C980F}"
EndProject
Project("{2150E333-8FDC-42A3-9474-1A3956D46DE8}") = "src", "src", "{00F740C1-D056-411A-A839-1A7D9C395712}"
EndProject
Project("{FAE04EC0-301F-11D3-BF4B-00C04F79EFBC}") = "Planning.Domain", "services\planning\src\Planning.Domain\Planning.Domain.csproj", "{25295AB5-42DD-4314-967F-BF063B1BCB5C}"
EndProject
Project("{FAE04EC0-301F-11D3-BF4B-00C04F79EFBC}") = "Planning.Application", "services\planning\src\Planning.Application\Planning.Application.csproj", "{DBBE3AEE-DBFB-4C0E-8B94-5E7C71A7C481}"
EndProject
Project("{FAE04EC0-301F-11D3-BF4B-00C04F79EFBC}") = "Planning.Infrastructure", "services\planning\src\Planning.Infrastructure\Planning.Infrastructure.csproj", "{74C1CCBF-6B69-4848-A73A-60275C976FB4}"
EndProject
Project("{FAE04EC0-301F-11D3-BF4B-00C04F79EFBC}") = "Planning.Api", "services\planning\src\Planning.Api\Planning.Api.csproj", "{DF945F5F-D815-4C53-AEFD-25CF4531C477}"
EndProject
Project("{2150E333-8FDC-42A3-9474-1A3956D46DE8}") = "notifications", "notifications", "{2253AB36-2BF6-46CB-A875-09DC18EF5F4D}"
EndProject
Project("{2150E333-8FDC-42A3-9474-1A3956D46DE8}") = "src", "src", "{9B87AC62-3C29-4364-824D-C529CAA32DE5}"
EndProject
Project("{FAE04EC0-301F-11D3-BF4B-00C04F79EFBC}") = "Notifications.Domain", "services\notifications\src\Notifications.Domain\Notifications.Domain.csproj", "{9F862168-47A2-4C2F-AB3F-7D5D042E10BA}"
EndProject
Project("{FAE04EC0-301F-11D3-BF4B-00C04F79EFBC}") = "Notifications.Application", "services\notifications\src\Notifications.Application\Notifications.Application.csproj", "{9FE757AC-FD98-446F-998F-A0224E94CECC}"
EndProject
Project("{FAE04EC0-301F-11D3-BF4B-00C04F79EFBC}") = "Notifications.Infrastructure", "services\notifications\src\Notifications.Infrastructure\Notifications.Infrastructure.csproj", "{41657C3A-CEE1-46CB-9C61-11E440EC81ED}"
EndProject
Project("{FAE04EC0-301F-11D3-BF4B-00C04F79EFBC}") = "Notifications.Worker", "services\notifications\src\Notifications.Worker\Notifications.Worker.csproj", "{052F2086-71FE-4913-A2D4-E862F99627CE}"
EndProject
Project("{2150E333-8FDC-42A3-9474-1A3956D46DE8}") = "apps", "apps", "{C1DF13AF-C8D0-44CD-ABBB-4DCBB44A09C1}"
EndProject
Project("{FAE04EC0-301F-11D3-BF4B-00C04F79EFBC}") = "Gateway", "apps\gateway\Gateway.csproj", "{81958FC6-6EF2-4085-BE69-01B12B6C7A7C}"
EndProject
Project("{2150E333-8FDC-42A3-9474-1A3956D46DE8}") = "building-blocks", "building-blocks", "{24359636-0913-4AEE-A0A9-C72BDA657D81}"
EndProject
Project("{FAE04EC0-301F-11D3-BF4B-00C04F79EFBC}") = "Contracts", "building-blocks\Contracts\Contracts.csproj", "{E85735D0-F944-48B5-B4F1-AC47ADF13743}"
EndProject
Global
	GlobalSection(SolutionConfigurationPlatforms) = preSolution
		Debug|Any CPU = Debug|Any CPU
		Release|Any CPU = Release|Any CPU
	EndGlobalSection
	GlobalSection(SolutionProperties) = preSolution
		HideSolutionNode = FALSE
	EndGlobalSection
	GlobalSection(ProjectConfigurationPlatforms) = postSolution
		{93E4BE02-127D-4EE8-AEBE-1427E3A6BFF7}.Debug|Any CPU.ActiveCfg = Debug|Any CPU
		{93E4BE02-127D-4EE8-AEBE-1427E3A6BFF7}.Debug|Any CPU.Build.0 = Debug|Any CPU
		{93E4BE02-127D-4EE8-AEBE-1427E3A6BFF7}.Release|Any CPU.ActiveCfg = Release|Any CPU
		{93E4BE02-127D-4EE8-AEBE-1427E3A6BFF7}.Release|Any CPU.Build.0 = Release|Any CPU
		{F553DCDA-0BCF-4EAF-91E6-4372445F1113}.Debug|Any CPU.ActiveCfg = Debug|Any CPU
		{F553DCDA-0BCF-4EAF-91E6-4372445F1113}.Debug|Any CPU.Build.0 = Debug|Any CPU
		{F553DCDA-0BCF-4EAF-91E6-4372445F1113}.Release|Any CPU.ActiveCfg = Release|Any CPU
		{F553DCDA-0BCF-4EAF-91E6-4372445F1113}.Release|Any CPU.Build.0 = Release|Any CPU
		{F228734B-AB10-4393-9BEC-113B9966608C}.Debug|Any CPU.ActiveCfg = Debug|Any CPU
		{F228734B-AB10-4393-9BEC-113B9966608C}.Debug|Any CPU.Build.0 = Debug|Any CPU
		{F228734B-AB10-4393-9BEC-113B9966608C}.Release|Any CPU.ActiveCfg = Release|Any CPU
		{F228734B-AB10-4393-9BEC-113B9966608C}.Release|Any CPU.Build.0 = Release|Any CPU
		{22C6B149-353D-44A7-B539-BC73F2438F7D}.Debug|Any CPU.ActiveCfg = Debug|Any CPU
		{22C6B149-353D-44A7-B539-BC73F2438F7D}.Debug|Any CPU.Build.0 = Debug|Any CPU
		{22C6B149-353D-44A7-B539-BC73F2438F7D}.Release|Any CPU.ActiveCfg = Release|Any CPU
		{22C6B149-353D-44A7-B539-BC73F2438F7D}.Release|Any CPU.Build.0 = Release|Any CPU
		{25295AB5-42DD-4314-967F-BF063B1BCB5C}.Debug|Any CPU.ActiveCfg = Debug|Any CPU
		{25295AB5-42DD-4314-967F-BF063B1BCB5C}.Debug|Any CPU.Build.0 = Debug|Any CPU
		{25295AB5-42DD-4314-967F-BF063B1BCB5C}.Release|Any CPU.ActiveCfg = Release|Any CPU
		{25295AB5-42DD-4314-967F-BF063B1BCB5C}.Release|Any CPU.Build.0 = Release|Any CPU
		{DBBE3AEE-DBFB-4C0E-8B94-5E7C71A7C481}.Debug|Any CPU.ActiveCfg = Debug|Any CPU
		{DBBE3AEE-DBFB-4C0E-8B94-5E7C71A7C481}.Debug|Any CPU.Build.0 = Debug|Any CPU
		{DBBE3AEE-DBFB-4C0E-8B94-5E7C71A7C481}.Release|Any CPU.ActiveCfg = Release|Any CPU
		{DBBE3AEE-DBFB-4C0E-8B94-5E7C71A7C481}.Release|Any CPU.Build.0 = Release|Any CPU
		{74C1CCBF-6B69-4848-A73A-60275C976FB4}.Debug|Any CPU.ActiveCfg = Debug|Any CPU
		{74C1CCBF-6B69-4848-A73A-60275C976FB4}.Debug|Any CPU.Build.0 = Debug|Any CPU
		{74C1CCBF-6B69-4848-A73A-60275C976FB4}.Release|Any CPU.ActiveCfg = Release|Any CPU
		{74C1CCBF-6B69-4848-A73A-60275C976FB4}.Release|Any CPU.Build.0 = Release|Any CPU
		{DF945F5F-D815-4C53-AEFD-25CF4531C477}.Debug|Any CPU.ActiveCfg = Debug|Any CPU
		{DF945F5F-D815-4C53-AEFD-25CF4531C477}.Debug|Any CPU.Build.0 = Debug|Any CPU
		{DF945F5F-D815-4C53-AEFD-25CF4531C477}.Release|Any CPU.ActiveCfg = Release|Any CPU
		{DF945F5F-D815-4C53-AEFD-25CF4531C477}.Release|Any CPU.Build.0 = Release|Any CPU
		{9F862168-47A2-4C2F-AB3F-7D5D042E10BA}.Debug|Any CPU.ActiveCfg = Debug|Any CPU
		{9F862168-47A2-4C2F-AB3F-7D5D042E10BA}.Debug|Any CPU.Build.0 = Debug|Any CPU
		{9F862168-47A2-4C2F-AB3F-7D5D042E10BA}.Release|Any CPU.ActiveCfg = Release|Any CPU
		{9F862168-47A2-4C2F-AB3F-7D5D042E10BA}.Release|Any CPU.Build.0 = Release|Any CPU
		{9FE757AC-FD98-446F-998F-A0224E94CECC}.Debug|Any CPU.ActiveCfg = Debug|Any CPU
		{9FE757AC-FD98-446F-998F-A0224E94CECC}.Debug|Any CPU.Build.0 = Debug|Any CPU
		{9FE757AC-FD98-446F-998F-A0224E94CECC}.Release|Any CPU.ActiveCfg = Release|Any CPU
		{9FE757AC-FD98-446F-998F-A0224E94CECC}.Release|Any CPU.Build.0 = Release|Any CPU
		{41657C3A-CEE1-46CB-9C61-11E440EC81ED}.Debug|Any CPU.ActiveCfg = Debug|Any CPU
		{41657C3A-CEE1-46CB-9C61-11E440EC81ED}.Debug|Any CPU.Build.0 = Debug|Any CPU
		{41657C3A-CEE1-46CB-9C61-11E440EC81ED}.Release|Any CPU.ActiveCfg = Release|Any CPU
		{41657C3A-CEE1-46CB-9C61-11E440EC81ED}.Release|Any CPU.Build.0 = Release|Any CPU
		{052F2086-71FE-4913-A2D4-E862F99627CE}.Debug|Any CPU.ActiveCfg = Debug|Any CPU
		{052F2086-71FE-4913-A2D4-E862F99627CE}.Debug|Any CPU.Build.0 = Debug|Any CPU
		{052F2086-71FE-4913-A2D4-E862F99627CE}.Release|Any CPU.ActiveCfg = Release|Any CPU
		{052F2086-71FE-4913-A2D4-E862F99627CE}.Release|Any CPU.Build.0 = Release|Any CPU
		{81958FC6-6EF2-4085-BE69-01B12B6C7A7C}.Debug|Any CPU.ActiveCfg = Debug|Any CPU
		{81958FC6-6EF2-4085-BE69-01B12B6C7A7C}.Debug|Any CPU.Build.0 = Debug|Any CPU
		{81958FC6-6EF2-4085-BE69-01B12B6C7A7C}.Release|Any CPU.ActiveCfg = Release|Any CPU
		{81958FC6-6EF2-4085-BE69-01B12B6C7A7C}.Release|Any CPU.Build.0 = Release|Any CPU
		{E85735D0-F944-48B5-B4F1-AC47ADF13743}.Debug|Any CPU.ActiveCfg = Debug|Any CPU
		{E85735D0-F944-48B5-B4F1-AC47ADF13743}.Debug|Any CPU.Build.0 = Debug|Any CPU
		{E85735D0-F944-48B5-B4F1-AC47ADF13743}.Release|Any CPU.ActiveCfg = Release|Any CPU
		{E85735D0-F944-48B5-B4F1-AC47ADF13743}.Release|Any CPU.Build.0 = Release|Any CPU
	EndGlobalSection
	GlobalSection(NestedProjects) = preSolution
		{612FA74C-FA53-49D8-9D90-4C7B7CADEDE1} = {1A616E9A-08EA-4619-A49C-219974712124}
		{DA3B75EE-B516-4704-9C36-B9B952F55632} = {612FA74C-FA53-49D8-9D90-4C7B7CADEDE1}
		{93E4BE02-127D-4EE8-AEBE-1427E3A6BFF7} = {DA3B75EE-B516-4704-9C36-B9B952F55632}
		{F553DCDA-0BCF-4EAF-91E6-4372445F1113} = {DA3B75EE-B516-4704-9C36-B9B952F55632}
		{F228734B-AB10-4393-9BEC-113B9966608C} = {DA3B75EE-B516-4704-9C36-B9B952F55632}
		{22C6B149-353D-44A7-B539-BC73F2438F7D} = {DA3B75EE-B516-4704-9C36-B9B952F55632}
		{CA8E76BB-3133-4D65-8F64-A82A563C980F} = {1A616E9A-08EA-4619-A49C-219974712124}
		{00F740C1-D056-411A-A839-1A7D9C395712} = {CA8E76BB-3133-4D65-8F64-A82A563C980F}
		{25295AB5-42DD-4314-967F-BF063B1BCB5C} = {00F740C1-D056-411A-A839-1A7D9C395712}
		{DBBE3AEE-DBFB-4C0E-8B94-5E7C71A7C481} = {00F740C1-D056-411A-A839-1A7D9C395712}
		{74C1CCBF-6B69-4848-A73A-60275C976FB4} = {00F740C1-D056-411A-A839-1A7D9C395712}
		{DF945F5F-D815-4C53-AEFD-25CF4531C477} = {00F740C1-D056-411A-A839-1A7D9C395712}
		{2253AB36-2BF6-46CB-A875-09DC18EF5F4D} = {1A616E9A-08EA-4619-A49C-219974712124}
		{9B87AC62-3C29-4364-824D-C529CAA32DE5} = {2253AB36-2BF6-46CB-A875-09DC18EF5F4D}
		{9F862168-47A2-4C2F-AB3F-7D5D042E10BA} = {9B87AC62-3C29-4364-824D-C529CAA32DE5}
		{9FE757AC-FD98-446F-998F-A0224E94CECC} = {9B87AC62-3C29-4364-824D-C529CAA32DE5}
		{41657C3A-CEE1-46CB-9C61-11E440EC81ED} = {9B87AC62-3C29-4364-824D-C529CAA32DE5}
		{052F2086-71FE-4913-A2D4-E862F99627CE} = {9B87AC62-3C29-4364-824D-C529CAA32DE5}
		{81958FC6-6EF2-4085-BE69-01B12B6C7A7C} = {C1DF13AF-C8D0-44CD-ABBB-4DCBB44A09C1}
		{E85735D0-F944-48B5-B4F1-AC47ADF13743} = {24359636-0913-4AEE-A0A9-C72BDA657D81}
	EndGlobalSection
EndGlobal
